github.com/20yyq/packet v0.1.3 h1:8/Dy6hQuIfHjBzwdm9OtGjTG2ykmBTdqXSch4pSq/1Q=
github.com/20yyq/packet v0.1.3/go.mod h1:5k7ru+ECywP3EpRl6ERpKlhEHLJLXCH0vUfB4Na+t8w=
github.com/20yyq/packet v0.1.4-0.20230912070957-11396c080069 h1:ql2AJx1hrmCVYSbYe4ejJy08EwJ7Q0PNqevGkcMpAd8=
github.com/20yyq/packet v0.1.4-0.20230912070957-11396c080069/go.mod h1:5k7ru+ECywP3EpRl6ERpKlhEHLJLXCH0vUfB4Na+t8w=
github.com/20yyq/packet v0.1.4-0.20230912082904-b8b1e62fb5ae h1:LBZweIDHUDWfmLmxhpm860fh5/ikbnJm/5aISBrXC1Y=
github.com/20yyq/packet v0.1.4-0.20230912082904-b8b1e62fb5ae/go.mod h1:5k7ru+ECywP3EpRl6ERpKlhEHLJLXCH0vUfB4Na+t8w=
